
Microsoft Visual Studio Solution File, Format Version 12.00
# Visual Studio Version 17
VisualStudioVersion = 17.0.31912.275
MinimumVisualStudioVersion = 10.0.40219.1
Project("{FAE04EC0-301F-11D3-BF4B-00C04F79EFBC}") = "payoutCombinations", "payoutCombinations.csproj", "{752F9F0E-499B-4841-B9EE-883E52ECAD92}"
EndProject
Global
	GlobalSection(SolutionConfigurationPlatforms) = preSolution
		Debug|Any CPU = Debug|Any CPU
		Release|Any CPU = Release|Any CPU
	EndGlobalSection
	GlobalSection(ProjectConfigurationPlatforms) = postSolution
		{752F9F0E-499B-4841-B9EE-883E52ECAD92}.Debug|Any CPU.ActiveCfg = Debug|Any CPU
		{752F9F0E-499B-4841-B9EE-883E52ECAD92}.Debug|Any CPU.Build.0 = Debug|Any CPU
		{752F9F0E-499B-4841-B9EE-883E52ECAD92}.Release|Any CPU.ActiveCfg = Release|Any CPU
		{752F9F0E-499B-4841-B9EE-883E52ECAD92}.Release|Any CPU.Build.0 = Release|Any CPU
	EndGlobalSection
	GlobalSection(SolutionProperties) = preSolution
		HideSolutionNode = FALSE
	EndGlobalSection
	GlobalSection(ExtensibilityGlobals) = postSolution
		SolutionGuid = {0361C96A-019C-492F-98BE-C6E64FBBA111}
	EndGlobalSection
EndGlobal
